// !$*UTF8*$!
{
	archiveVersion = 1;
	classes = {
	};
	objectVersion = 46;
	objects = {

/* Begin PBXBuildFile section */
		3617F1D9179A575900483A8D /* SystemConfiguration.framework in Frameworks */ = {isa = PBXBuildFile; fileRef = 3617F1D8179A575900483A8D /* SystemConfiguration.framework */; };
		36281F941811BBAA00860A3D /* NE.gpx in Resources */ = {isa = PBXBuildFile; fileRef = 36281F901811BBAA00860A3D /* NE.gpx */; };
		36281F951811BBAA00860A3D /* NW.gpx in Resources */ = {isa = PBXBuildFile; fileRef = 36281F911811BBAA00860A3D /* NW.gpx */; };
		36281F961811BBAA00860A3D /* SE.gpx in Resources */ = {isa = PBXBuildFile; fileRef = 36281F921811BBAA00860A3D /* SE.gpx */; };
		36281F971811BBAA00860A3D /* SW.gpx in Resources */ = {isa = PBXBuildFile; fileRef = 36281F931811BBAA00860A3D /* SW.gpx */; };
		36446C8C1803143E00DB7A68 /* PRARManager.m in Sources */ = {isa = PBXBuildFile; fileRef = 36446C8B1803143E00DB7A68 /* PRARManager.m */; };
		36446C921803208F00DB7A68 /* LocationMath.m in Sources */ = {isa = PBXBuildFile; fileRef = 36446C911803208F00DB7A68 /* LocationMath.m */; };
		3647DAF317CFE311001FAA53 /* ARRadar.m in Sources */ = {isa = PBXBuildFile; fileRef = 3647DAF117CFE311001FAA53 /* ARRadar.m */; };
		3647DAF417CFE311001FAA53 /* ARRadar.xib in Resources */ = {isa = PBXBuildFile; fileRef = 3647DAF217CFE311001FAA53 /* ARRadar.xib */; };
		3647DAF617CFE504001FAA53 /* Radar.png in Resources */ = {isa = PBXBuildFile; fileRef = 3647DAF517CFE504001FAA53 /* Radar.png */; };
		3647DAF817CFEBDC001FAA53 /* RadarMV.png in Resources */ = {isa = PBXBuildFile; fileRef = 3647DAF717CFEBDC001FAA53 /* RadarMV.png */; };
		369CB016179A55C000C8F291 /* ARController.m in Sources */ = {isa = PBXBuildFile; fileRef = 369CB00A179A55C000C8F291 /* ARController.m */; };
		369CB017179A55C000C8F291 /* ARObject.m in Sources */ = {isa = PBXBuildFile; fileRef = 369CB00C179A55C000C8F291 /* ARObject.m */; };
		369CB018179A55C000C8F291 /* ARObject.xib in Resources */ = {isa = PBXBuildFile; fileRef = 369CB00D179A55C000C8F291 /* ARObject.xib */; };
		369CB019179A55C000C8F291 /* ar_icon.png in Resources */ = {isa = PBXBuildFile; fileRef = 369CB010179A55C000C8F291 /* ar_icon.png */; };
		369CB01A179A55C000C8F291 /* ar_overlay.png in Resources */ = {isa = PBXBuildFile; fileRef = 369CB011179A55C000C8F291 /* ar_overlay.png */; };
		369CB01B179A55C000C8F291 /* ar_overlay@2x.png in Resources */ = {isa = PBXBuildFile; fileRef = 369CB012179A55C000C8F291 /* ar_overlay@2x.png */; };
		369CB01E179A55D700C8F291 /* CoreLocation.framework in Frameworks */ = {isa = PBXBuildFile; fileRef = 369CB01D179A55D700C8F291 /* CoreLocation.framework */; };
		369CB020179A55DA00C8F291 /* CoreMotion.framework in Frameworks */ = {isa = PBXBuildFile; fileRef = 369CB01F179A55DA00C8F291 /* CoreMotion.framework */; };
		369CB022179A55DD00C8F291 /* QuartzCore.framework in Frameworks */ = {isa = PBXBuildFile; fileRef = 369CB021179A55DD00C8F291 /* QuartzCore.framework */; };
		369CB024179A55E100C8F291 /* MapKit.framework in Frameworks */ = {isa = PBXBuildFile; fileRef = 369CB023179A55E000C8F291 /* MapKit.framework */; };
		369CB026179A560700C8F291 /* AVFoundation.framework in Frameworks */ = {isa = PBXBuildFile; fileRef = 369CB025179A560700C8F291 /* AVFoundation.framework */; };
		369CB028179A560C00C8F291 /* MobileCoreServices.framework in Frameworks */ = {isa = PBXBuildFile; fileRef = 369CB027179A560C00C8F291 /* MobileCoreServices.framework */; };
		36BE519E18084E4000F7E322 /* Image_back_L.png in Resources */ = {isa = PBXBuildFile; fileRef = 36BE519D18084E4000F7E322 /* Image_back_L.png */; };
		36CF8BDC179A5088007BE243 /* UIKit.framework in Frameworks */ = {isa = PBXBuildFile; fileRef = 36CF8BDB179A5088007BE243 /* UIKit.framework */; };
		36CF8BDE179A5088007BE243 /* Foundation.framework in Frameworks */ = {isa = PBXBuildFile; fileRef = 36CF8BDD179A5088007BE243 /* Foundation.framework */; };
		36CF8BE0179A5088007BE243 /* CoreGraphics.framework in Frameworks */ = {isa = PBXBuildFile; fileRef = 36CF8BDF179A5088007BE243 /* CoreGraphics.framework */; };
		36CF8BE6179A5088007BE243 /* InfoPlist.strings in Resources */ = {isa = PBXBuildFile; fileRef = 36CF8BE4179A5088007BE243 /* InfoPlist.strings */; };
		36CF8BE8179A5088007BE243 /* main.m in Sources */ = {isa = PBXBuildFile; fileRef = 36CF8BE7179A5088007BE243 /* main.m */; };
		36CF8BEC179A5088007BE243 /* AppDelegate.m in Sources */ = {isa = PBXBuildFile; fileRef = 36CF8BEB179A5088007BE243 /* AppDelegate.m */; };
		36CF8BEE179A5088007BE243 /* Default.png in Resources */ = {isa = PBXBuildFile; fileRef = 36CF8BED179A5088007BE243 /* Default.png */; };
		36CF8BF0179A5088007BE243 /* Default@2x.png in Resources */ = {isa = PBXBuildFile; fileRef = 36CF8BEF179A5088007BE243 /* Default@2x.png */; };
		36CF8BF2179A5088007BE243 /* Default-568h@2x.png in Resources */ = {isa = PBXBuildFile; fileRef = 36CF8BF1179A5088007BE243 /* Default-568h@2x.png */; };
		36CF8BF5179A5088007BE243 /* MainStoryboard.storyboard in Resources */ = {isa = PBXBuildFile; fileRef = 36CF8BF3179A5088007BE243 /* MainStoryboard.storyboard */; };
		36CF8BF8179A5088007BE243 /* ViewController.m in Sources */ = {isa = PBXBuildFile; fileRef = 36CF8BF7179A5088007BE243 /* ViewController.m */; };
		36CF8BFF179A50D9007BE243 /* Logo.png in Resources */ = {isa = PBXBuildFile; fileRef = 36CF8BFE179A50D9007BE243 /* Logo.png */; };
		36CF8C01179A50DB007BE243 /* Logo@2x.png in Resources */ = {isa = PBXBuildFile; fileRef = 36CF8C00179A50DB007BE243 /* Logo@2x.png */; };
		36CF8C08179A511B007BE243 /* ARBD.png in Resources */ = {isa = PBXBuildFile; fileRef = 36CF8C03179A511B007BE243 /* ARBD.png */; };
		36CF8C09179A511B007BE243 /* ARBO.png in Resources */ = {isa = PBXBuildFile; fileRef = 36CF8C04179A511B007BE243 /* ARBO.png */; };
		36CF8C0A179A511B007BE243 /* ARBU.png in Resources */ = {isa = PBXBuildFile; fileRef = 36CF8C05179A511B007BE243 /* ARBU.png */; };
		36CF8C0B179A511B007BE243 /* Image_back.png in Resources */ = {isa = PBXBuildFile; fileRef = 36CF8C06179A511B007BE243 /* Image_back.png */; };
		36CF8C0C179A511B007BE243 /* x.png in Resources */ = {isa = PBXBuildFile; fileRef = 36CF8C07179A511B007BE243 /* x.png */; };
		36CF8C24179A5122007BE243 /* DataController.m in Sources */ = {isa = PBXBuildFile; fileRef = 36CF8C0F179A5122007BE243 /* DataController.m */; };
		36CF8C25179A5122007BE243 /* DBController.m in Sources */ = {isa = PBXBuildFile; fileRef = 36CF8C11179A5122007BE243 /* DBController.m */; };
		36CF8C26179A5122007BE243 /* DIOSNode.m in Sources */ = {isa = PBXBuildFile; fileRef = 36CF8C14179A5122007BE243 /* DIOSNode.m */; };
		36CF8C27179A5122007BE243 /* DIOSSession.m in Sources */ = {isa = PBXBuildFile; fileRef = 36CF8C16179A5122007BE243 /* DIOSSession.m */; };
		36CF8C28179A5122007BE243 /* DIOSSystem.m in Sources */ = {isa = PBXBuildFile; fileRef = 36CF8C18179A5122007BE243 /* DIOSSystem.m */; };
		36CF8C29179A5122007BE243 /* DIOSUser.m in Sources */ = {isa = PBXBuildFile; fileRef = 36CF8C1A179A5122007BE243 /* DIOSUser.m */; };
		36CF8C2A179A5122007BE243 /* DIOSARNode.m in Sources */ = {isa = PBXBuildFile; fileRef = 36CF8C1D179A5122007BE243 /* DIOSARNode.m */; };
		36CF8C2B179A5122007BE243 /* MyLocation.m in Sources */ = {isa = PBXBuildFile; fileRef = 36CF8C1F179A5122007BE243 /* MyLocation.m */; };
		36CF8C2C179A5122007BE243 /* TestLoc.gpx in Resources */ = {isa = PBXBuildFile; fileRef = 36CF8C20179A5122007BE243 /* TestLoc.gpx */; };
		36CF8C2D179A5122007BE243 /* ARView.m in Sources */ = {isa = PBXBuildFile; fileRef = 36CF8C23179A5122007BE243 /* ARView.m */; };
		F61B17E40E8045EDBCC3C456 /* libPods.a in Frameworks */ = {isa = PBXBuildFile; fileRef = 7E563340322446E1BA5E6309 /* libPods.a */; };
/* End PBXBuildFile section */

/* Begin PBXFileReference section */
		3617F1D8179A575900483A8D /* SystemConfiguration.framework */ = {isa = PBXFileReference; lastKnownFileType = wrapper.framework; name = SystemConfiguration.framework; path = System/Library/Frameworks/SystemConfiguration.framework; sourceTree = SDKROOT; };
		36281F901811BBAA00860A3D /* NE.gpx */ = {isa = PBXFileReference; fileEncoding = 4; lastKnownFileType = text.xml; path = NE.gpx; sourceTree = "<group>"; };
		36281F911811BBAA00860A3D /* NW.gpx */ = {isa = PBXFileReference; fileEncoding = 4; lastKnownFileType = text.xml; path = NW.gpx; sourceTree = "<group>"; };
		36281F921811BBAA00860A3D /* SE.gpx */ = {isa = PBXFileReference; fileEncoding = 4; lastKnownFileType = text.xml; path = SE.gpx; sourceTree = "<group>"; };
		36281F931811BBAA00860A3D /* SW.gpx */ = {isa = PBXFileReference; fileEncoding = 4; lastKnownFileType = text.xml; path = SW.gpx; sourceTree = "<group>"; };
		36446C8A1803143E00DB7A68 /* PRARManager.h */ = {isa = PBXFileReference; fileEncoding = 4; lastKnownFileType = sourcecode.c.h; path = PRARManager.h; sourceTree = "<group>"; };
		36446C8B1803143E00DB7A68 /* PRARManager.m */ = {isa = PBXFileReference; fileEncoding = 4; lastKnownFileType = sourcecode.c.objc; path = PRARManager.m; sourceTree = "<group>"; };
		36446C901803208F00DB7A68 /* LocationMath.h */ = {isa = PBXFileReference; fileEncoding = 4; lastKnownFileType = sourcecode.c.h; path = LocationMath.h; sourceTree = "<group>"; };
		36446C911803208F00DB7A68 /* LocationMath.m */ = {isa = PBXFileReference; fileEncoding = 4; lastKnownFileType = sourcecode.c.objc; path = LocationMath.m; sourceTree = "<group>"; };
		3647DAF017CFE311001FAA53 /* ARRadar.h */ = {isa = PBXFileReference; fileEncoding = 4; lastKnownFileType = sourcecode.c.h; path = ARRadar.h; sourceTree = "<group>"; };
		3647DAF117CFE311001FAA53 /* ARRadar.m */ = {isa = PBXFileReference; fileEncoding = 4; lastKnownFileType = sourcecode.c.objc; path = ARRadar.m; sourceTree = "<group>"; };
		3647DAF217CFE311001FAA53 /* ARRadar.xib */ = {isa = PBXFileReference; fileEncoding = 4; lastKnownFileType = file.xib; path = ARRadar.xib; sourceTree = "<group>"; };
		3647DAF517CFE504001FAA53 /* Radar.png */ = {isa = PBXFileReference; lastKnownFileType = image.png; path = Radar.png; sourceTree = "<group>"; };
		3647DAF717CFEBDC001FAA53 /* RadarMV.png */ = {isa = PBXFileReference; lastKnownFileType = image.png; path = RadarMV.png; sourceTree = "<group>"; };
		369CB009179A55C000C8F291 /* ARController.h */ = {isa = PBXFileReference; fileEncoding = 4; lastKnownFileType = sourcecode.c.h; path = ARController.h; sourceTree = "<group>"; };
		369CB00A179A55C000C8F291 /* ARController.m */ = {isa = PBXFileReference; fileEncoding = 4; lastKnownFileType = sourcecode.c.objc; path = ARController.m; sourceTree = "<group>"; };
		369CB00B179A55C000C8F291 /* ARObject.h */ = {isa = PBXFileReference; fileEncoding = 4; lastKnownFileType = sourcecode.c.h; path = ARObject.h; sourceTree = "<group>"; };
		369CB00C179A55C000C8F291 /* ARObject.m */ = {isa = PBXFileReference; fileEncoding = 4; lastKnownFileType = sourcecode.c.objc; path = ARObject.m; sourceTree = "<group>"; };
		369CB00D179A55C000C8F291 /* ARObject.xib */ = {isa = PBXFileReference; fileEncoding = 4; lastKnownFileType = file.xib; path = ARObject.xib; sourceTree = "<group>"; };
		369CB00E179A55C000C8F291 /* ARSettings.h */ = {isa = PBXFileReference; fileEncoding = 4; lastKnownFileType = sourcecode.c.h; path = ARSettings.h; sourceTree = "<group>"; };
		369CB010179A55C000C8F291 /* ar_icon.png */ = {isa = PBXFileReference; lastKnownFileType = image.png; path = ar_icon.png; sourceTree = "<group>"; };
		369CB011179A55C000C8F291 /* ar_overlay.png */ = {isa = PBXFileReference; lastKnownFileType = image.png; path = ar_overlay.png; sourceTree = "<group>"; };
		369CB012179A55C000C8F291 /* ar_overlay@2x.png */ = {isa = PBXFileReference; lastKnownFileType = image.png; path = "ar_overlay@2x.png"; sourceTree = "<group>"; };
		369CB01D179A55D700C8F291 /* CoreLocation.framework */ = {isa = PBXFileReference; lastKnownFileType = wrapper.framework; name = CoreLocation.framework; path = System/Library/Frameworks/CoreLocation.framework; sourceTree = SDKROOT; };
		369CB01F179A55DA00C8F291 /* CoreMotion.framework */ = {isa = PBXFileReference; lastKnownFileType = wrapper.framework; name = CoreMotion.framework; path = System/Library/Frameworks/CoreMotion.framework; sourceTree = SDKROOT; };
		369CB021179A55DD00C8F291 /* QuartzCore.framework */ = {isa = PBXFileReference; lastKnownFileType = wrapper.framework; name = QuartzCore.framework; path = System/Library/Frameworks/QuartzCore.framework; sourceTree = SDKROOT; };
		369CB023179A55E000C8F291 /* MapKit.framework */ = {isa = PBXFileReference; lastKnownFileType = wrapper.framework; name = MapKit.framework; path = System/Library/Frameworks/MapKit.framework; sourceTree = SDKROOT; };
		369CB025179A560700C8F291 /* AVFoundation.framework */ = {isa = PBXFileReference; lastKnownFileType = wrapper.framework; name = AVFoundation.framework; path = System/Library/Frameworks/AVFoundation.framework; sourceTree = SDKROOT; };
		369CB027179A560C00C8F291 /* MobileCoreServices.framework */ = {isa = PBXFileReference; lastKnownFileType = wrapper.framework; name = MobileCoreServices.framework; path = System/Library/Frameworks/MobileCoreServices.framework; sourceTree = SDKROOT; };
		36BE519D18084E4000F7E322 /* Image_back_L.png */ = {isa = PBXFileReference; lastKnownFileType = image.png; path = Image_back_L.png; sourceTree = "<group>"; };
		36CF8BD8179A5088007BE243 /* PRAR-Example.app */ = {isa = PBXFileReference; explicitFileType = wrapper.application; includeInIndex = 0; path = "PRAR-Example.app"; sourceTree = BUILT_PRODUCTS_DIR; };
		36CF8BDB179A5088007BE243 /* UIKit.framework */ = {isa = PBXFileReference; lastKnownFileType = wrapper.framework; name = UIKit.framework; path = System/Library/Frameworks/UIKit.framework; sourceTree = SDKROOT; };
		36CF8BDD179A5088007BE243 /* Foundation.framework */ = {isa = PBXFileReference; lastKnownFileType = wrapper.framework; name = Foundation.framework; path = System/Library/Frameworks/Foundation.framework; sourceTree = SDKROOT; };
		36CF8BDF179A5088007BE243 /* CoreGraphics.framework */ = {isa = PBXFileReference; lastKnownFileType = wrapper.framework; name = CoreGraphics.framework; path = System/Library/Frameworks/CoreGraphics.framework; sourceTree = SDKROOT; };
		36CF8BE3179A5088007BE243 /* PRAR-Example-Info.plist */ = {isa = PBXFileReference; lastKnownFileType = text.plist.xml; path = "PRAR-Example-Info.plist"; sourceTree = "<group>"; };
		36CF8BE5179A5088007BE243 /* en */ = {isa = PBXFileReference; lastKnownFileType = text.plist.strings; name = en; path = en.lproj/InfoPlist.strings; sourceTree = "<group>"; };
		36CF8BE7179A5088007BE243 /* main.m */ = {isa = PBXFileReference; lastKnownFileType = sourcecode.c.objc; path = main.m; sourceTree = "<group>"; };
		36CF8BE9179A5088007BE243 /* PRAR-Example-Prefix.pch */ = {isa = PBXFileReference; lastKnownFileType = sourcecode.c.h; path = "PRAR-Example-Prefix.pch"; sourceTree = "<group>"; };
		36CF8BEA179A5088007BE243 /* AppDelegate.h */ = {isa = PBXFileReference; lastKnownFileType = sourcecode.c.h; path = AppDelegate.h; sourceTree = "<group>"; };
		36CF8BEB179A5088007BE243 /* AppDelegate.m */ = {isa = PBXFileReference; lastKnownFileType = sourcecode.c.objc; path = AppDelegate.m; sourceTree = "<group>"; };
		36CF8BED179A5088007BE243 /* Default.png */ = {isa = PBXFileReference; lastKnownFileType = image.png; path = Default.png; sourceTree = "<group>"; };
		36CF8BEF179A5088007BE243 /* Default@2x.png */ = {isa = PBXFileReference; lastKnownFileType = image.png; path = "Default@2x.png"; sourceTree = "<group>"; };
		36CF8BF1179A5088007BE243 /* Default-568h@2x.png */ = {isa = PBXFileReference; lastKnownFileType = image.png; path = "Default-568h@2x.png"; sourceTree = "<group>"; };
		36CF8BF4179A5088007BE243 /* en */ = {isa = PBXFileReference; lastKnownFileType = file.storyboard; name = en; path = en.lproj/MainStoryboard.storyboard; sourceTree = "<group>"; };
		36CF8BF6179A5088007BE243 /* ViewController.h */ = {isa = PBXFileReference; lastKnownFileType = sourcecode.c.h; path = ViewController.h; sourceTree = "<group>"; };
		36CF8BF7179A5088007BE243 /* ViewController.m */ = {isa = PBXFileReference; lastKnownFileType = sourcecode.c.objc; path = ViewController.m; sourceTree = "<group>"; };
		36CF8BFE179A50D9007BE243 /* Logo.png */ = {isa = PBXFileReference; lastKnownFileType = image.png; name = Logo.png; path = ../../Logo.png; sourceTree = "<group>"; };
		36CF8C00179A50DB007BE243 /* Logo@2x.png */ = {isa = PBXFileReference; lastKnownFileType = image.png; name = "Logo@2x.png"; path = "../../Logo@2x.png"; sourceTree = "<group>"; };
		36CF8C03179A511B007BE243 /* ARBD.png */ = {isa = PBXFileReference; lastKnownFileType = image.png; path = ARBD.png; sourceTree = "<group>"; };
		36CF8C04179A511B007BE243 /* ARBO.png */ = {isa = PBXFileReference; lastKnownFileType = image.png; path = ARBO.png; sourceTree = "<group>"; };
		36CF8C05179A511B007BE243 /* ARBU.png */ = {isa = PBXFileReference; lastKnownFileType = image.png; path = ARBU.png; sourceTree = "<group>"; };
		36CF8C06179A511B007BE243 /* Image_back.png */ = {isa = PBXFileReference; lastKnownFileType = image.png; path = Image_back.png; sourceTree = "<group>"; };
		36CF8C07179A511B007BE243 /* x.png */ = {isa = PBXFileReference; lastKnownFileType = image.png; path = x.png; sourceTree = "<group>"; };
		36CF8C0E179A5122007BE243 /* DataController.h */ = {isa = PBXFileReference; fileEncoding = 4; lastKnownFileType = sourcecode.c.h; path = DataController.h; sourceTree = "<group>"; };
		36CF8C0F179A5122007BE243 /* DataController.m */ = {isa = PBXFileReference; fileEncoding = 4; lastKnownFileType = sourcecode.c.objc; path = DataController.m; sourceTree = "<group>"; };
		36CF8C10179A5122007BE243 /* DBController.h */ = {isa = PBXFileReference; fileEncoding = 4; lastKnownFileType = sourcecode.c.h; path = DBController.h; sourceTree = "<group>"; };
		36CF8C11179A5122007BE243 /* DBController.m */ = {isa = PBXFileReference; fileEncoding = 4; lastKnownFileType = sourcecode.c.objc; path = DBController.m; sourceTree = "<group>"; };
		36CF8C13179A5122007BE243 /* DIOSNode.h */ = {isa = PBXFileReference; fileEncoding = 4; lastKnownFileType = sourcecode.c.h; path = DIOSNode.h; sourceTree = "<group>"; };
		36CF8C14179A5122007BE243 /* DIOSNode.m */ = {isa = PBXFileReference; fileEncoding = 4; lastKnownFileType = sourcecode.c.objc; path = DIOSNode.m; sourceTree = "<group>"; };
		36CF8C15179A5122007BE243 /* DIOSSession.h */ = {isa = PBXFileReference; fileEncoding = 4; lastKnownFileType = sourcecode.c.h; path = DIOSSession.h; sourceTree = "<group>"; };
		36CF8C16179A5122007BE243 /* DIOSSession.m */ = {isa = PBXFileReference; fileEncoding = 4; lastKnownFileType = sourcecode.c.objc; path = DIOSSession.m; sourceTree = "<group>"; };
		36CF8C17179A5122007BE243 /* DIOSSystem.h */ = {isa = PBXFileReference; fileEncoding = 4; lastKnownFileType = sourcecode.c.h; path = DIOSSystem.h; sourceTree = "<group>"; };
		36CF8C18179A5122007BE243 /* DIOSSystem.m */ = {isa = PBXFileReference; fileEncoding = 4; lastKnownFileType = sourcecode.c.objc; path = DIOSSystem.m; sourceTree = "<group>"; };
		36CF8C19179A5122007BE243 /* DIOSUser.h */ = {isa = PBXFileReference; fileEncoding = 4; lastKnownFileType = sourcecode.c.h; path = DIOSUser.h; sourceTree = "<group>"; };
		36CF8C1A179A5122007BE243 /* DIOSUser.m */ = {isa = PBXFileReference; fileEncoding = 4; lastKnownFileType = sourcecode.c.objc; path = DIOSUser.m; sourceTree = "<group>"; };
		36CF8C1B179A5122007BE243 /* Settings.h */ = {isa = PBXFileReference; fileEncoding = 4; lastKnownFileType = sourcecode.c.h; path = Settings.h; sourceTree = "<group>"; };
		36CF8C1C179A5122007BE243 /* DIOSARNode.h */ = {isa = PBXFileReference; fileEncoding = 4; lastKnownFileType = sourcecode.c.h; path = DIOSARNode.h; sourceTree = "<group>"; };
		36CF8C1D179A5122007BE243 /* DIOSARNode.m */ = {isa = PBXFileReference; fileEncoding = 4; lastKnownFileType = sourcecode.c.objc; path = DIOSARNode.m; sourceTree = "<group>"; };
		36CF8C1E179A5122007BE243 /* MyLocation.h */ = {isa = PBXFileReference; fileEncoding = 4; lastKnownFileType = sourcecode.c.h; path = MyLocation.h; sourceTree = "<group>"; };
		36CF8C1F179A5122007BE243 /* MyLocation.m */ = {isa = PBXFileReference; fileEncoding = 4; lastKnownFileType = sourcecode.c.objc; path = MyLocation.m; sourceTree = "<group>"; };
		36CF8C20179A5122007BE243 /* TestLoc.gpx */ = {isa = PBXFileReference; fileEncoding = 4; lastKnownFileType = text.xml; path = TestLoc.gpx; sourceTree = "<group>"; };
		36CF8C22179A5122007BE243 /* ARView.h */ = {isa = PBXFileReference; fileEncoding = 4; lastKnownFileType = sourcecode.c.h; name = ARView.h; path = "Main Views/ARView.h"; sourceTree = "<group>"; };
		36CF8C23179A5122007BE243 /* ARView.m */ = {isa = PBXFileReference; fileEncoding = 4; lastKnownFileType = sourcecode.c.objc; name = ARView.m; path = "Main Views/ARView.m"; sourceTree = "<group>"; };
		762233081DD540489E511D03 /* Pods.xcconfig */ = {isa = PBXFileReference; includeInIndex = 1; lastKnownFileType = text.xcconfig; name = Pods.xcconfig; path = Pods/Pods.xcconfig; sourceTree = SOURCE_ROOT; };
		7E563340322446E1BA5E6309 /* libPods.a */ = {isa = PBXFileReference; explicitFileType = archive.ar; includeInIndex = 0; path = libPods.a; sourceTree = BUILT_PRODUCTS_DIR; };
/* End PBXFileReference section */

/* Begin PBXFrameworksBuildPhase section */
		36CF8BD5179A5088007BE243 /* Frameworks */ = {
			isa = PBXFrameworksBuildPhase;
			buildActionMask = 2147483647;
			files = (
				3617F1D9179A575900483A8D /* SystemConfiguration.framework in Frameworks */,
				369CB028179A560C00C8F291 /* MobileCoreServices.framework in Frameworks */,
				369CB026179A560700C8F291 /* AVFoundation.framework in Frameworks */,
				369CB024179A55E100C8F291 /* MapKit.framework in Frameworks */,
				369CB022179A55DD00C8F291 /* QuartzCore.framework in Frameworks */,
				369CB020179A55DA00C8F291 /* CoreMotion.framework in Frameworks */,
				369CB01E179A55D700C8F291 /* CoreLocation.framework in Frameworks */,
				36CF8BDC179A5088007BE243 /* UIKit.framework in Frameworks */,
				36CF8BDE179A5088007BE243 /* Foundation.framework in Frameworks */,
				36CF8BE0179A5088007BE243 /* CoreGraphics.framework in Frameworks */,
				F61B17E40E8045EDBCC3C456 /* libPods.a in Frameworks */,
			);
			runOnlyForDeploymentPostprocessing = 0;
		};
/* End PBXFrameworksBuildPhase section */

/* Begin PBXGroup section */
		36281F981811CE2600860A3D /* Locations */ = {
			isa = PBXGroup;
			children = (
				36281F901811BBAA00860A3D /* NE.gpx */,
				36281F911811BBAA00860A3D /* NW.gpx */,
				36281F921811BBAA00860A3D /* SE.gpx */,
				36281F931811BBAA00860A3D /* SW.gpx */,
				36CF8C20179A5122007BE243 /* TestLoc.gpx */,
			);
			name = Locations;
			sourceTree = "<group>";
		};
		369CB007179A55C000C8F291 /* PRAugmentedReality */ = {
			isa = PBXGroup;
			children = (
				36446C8A1803143E00DB7A68 /* PRARManager.h */,
				36446C8B1803143E00DB7A68 /* PRARManager.m */,
				369CB008179A55C000C8F291 /* AR */,
				369CB00F179A55C000C8F291 /* Graphics */,
				369CB013179A55C000C8F291 /* Location */,
				369CB00E179A55C000C8F291 /* ARSettings.h */,
				369CB029179A561000C8F291 /* Dependencies */,
			);
			name = PRAugmentedReality;
			path = ../../Classes;
			sourceTree = "<group>";
		};
		369CB008179A55C000C8F291 /* AR */ = {
			isa = PBXGroup;
			children = (
				369CB009179A55C000C8F291 /* ARController.h */,
				369CB00A179A55C000C8F291 /* ARController.m */,
				369CB00B179A55C000C8F291 /* ARObject.h */,
				369CB00C179A55C000C8F291 /* ARObject.m */,
				369CB00D179A55C000C8F291 /* ARObject.xib */,
			);
			path = AR;
			sourceTree = "<group>";
		};
		369CB00F179A55C000C8F291 /* Graphics */ = {
			isa = PBXGroup;
			children = (
				3647DAF717CFEBDC001FAA53 /* RadarMV.png */,
				3647DAF517CFE504001FAA53 /* Radar.png */,
				369CB010179A55C000C8F291 /* ar_icon.png */,
				369CB011179A55C000C8F291 /* ar_overlay.png */,
				369CB012179A55C000C8F291 /* ar_overlay@2x.png */,
			);
			path = Graphics;
			sourceTree = "<group>";
		};
		369CB013179A55C000C8F291 /* Location */ = {
			isa = PBXGroup;
			children = (
				3647DAF017CFE311001FAA53 /* ARRadar.h */,
				3647DAF117CFE311001FAA53 /* ARRadar.m */,
				3647DAF217CFE311001FAA53 /* ARRadar.xib */,
				36446C901803208F00DB7A68 /* LocationMath.h */,
				36446C911803208F00DB7A68 /* LocationMath.m */,
			);
			path = Location;
			sourceTree = "<group>";
		};
		369CB029179A561000C8F291 /* Dependencies */ = {
			isa = PBXGroup;
			children = (
				369CB027179A560C00C8F291 /* MobileCoreServices.framework */,
				369CB025179A560700C8F291 /* AVFoundation.framework */,
				369CB023179A55E000C8F291 /* MapKit.framework */,
				369CB021179A55DD00C8F291 /* QuartzCore.framework */,
				369CB01F179A55DA00C8F291 /* CoreMotion.framework */,
				369CB01D179A55D700C8F291 /* CoreLocation.framework */,
			);
			name = Dependencies;
			path = "../PRAR-Example";
			sourceTree = "<group>";
		};
		36CF8BCF179A5088007BE243 = {
			isa = PBXGroup;
			children = (
				36CF8C02179A511B007BE243 /* Main Graphics */,
				36CF8BE1179A5088007BE243 /* PRAR-Example */,
				36CF8BDA179A5088007BE243 /* Frameworks */,
				36CF8BD9179A5088007BE243 /* Products */,
				762233081DD540489E511D03 /* Pods.xcconfig */,
			);
			sourceTree = "<group>";
		};
		36CF8BD9179A5088007BE243 /* Products */ = {
			isa = PBXGroup;
			children = (
				36CF8BD8179A5088007BE243 /* PRAR-Example.app */,
			);
			name = Products;
			sourceTree = "<group>";
		};
		36CF8BDA179A5088007BE243 /* Frameworks */ = {
			isa = PBXGroup;
			children = (
				3617F1D8179A575900483A8D /* SystemConfiguration.framework */,
				36CF8BDB179A5088007BE243 /* UIKit.framework */,
				36CF8BDD179A5088007BE243 /* Foundation.framework */,
				36CF8BDF179A5088007BE243 /* CoreGraphics.framework */,
				7E563340322446E1BA5E6309 /* libPods.a */,
			);
			name = Frameworks;
			sourceTree = "<group>";
		};
		36CF8BE1179A5088007BE243 /* PRAR-Example */ = {
			isa = PBXGroup;
			children = (
				36CF8BEA179A5088007BE243 /* AppDelegate.h */,
				36CF8BEB179A5088007BE243 /* AppDelegate.m */,
				36CF8BF3179A5088007BE243 /* MainStoryboard.storyboard */,
				36CF8BF6179A5088007BE243 /* ViewController.h */,
				36CF8BF7179A5088007BE243 /* ViewController.m */,
				36CF8C22179A5122007BE243 /* ARView.h */,
				36CF8C23179A5122007BE243 /* ARView.m */,
				369CB007179A55C000C8F291 /* PRAugmentedReality */,
				36CF8C0D179A5122007BE243 /* Data Handlers */,
				36CF8BE2179A5088007BE243 /* Supporting Files */,
			);
			path = "PRAR-Example";
			sourceTree = "<group>";
		};
		36CF8BE2179A5088007BE243 /* Supporting Files */ = {
			isa = PBXGroup;
			children = (
				36CF8BE3179A5088007BE243 /* PRAR-Example-Info.plist */,
				36CF8BE4179A5088007BE243 /* InfoPlist.strings */,
				36CF8BE7179A5088007BE243 /* main.m */,
				36CF8BE9179A5088007BE243 /* PRAR-Example-Prefix.pch */,
				36CF8BED179A5088007BE243 /* Default.png */,
				36CF8BEF179A5088007BE243 /* Default@2x.png */,
				36CF8BF1179A5088007BE243 /* Default-568h@2x.png */,
			);
			name = "Supporting Files";
			sourceTree = "<group>";
		};
		36CF8C02179A511B007BE243 /* Main Graphics */ = {
			isa = PBXGroup;
			children = (
				36CF8C00179A50DB007BE243 /* Logo@2x.png */,
				36CF8BFE179A50D9007BE243 /* Logo.png */,
				36CF8C03179A511B007BE243 /* ARBD.png */,
				36CF8C04179A511B007BE243 /* ARBO.png */,
				36CF8C05179A511B007BE243 /* ARBU.png */,
				36CF8C06179A511B007BE243 /* Image_back.png */,
				36BE519D18084E4000F7E322 /* Image_back_L.png */,
				36CF8C07179A511B007BE243 /* x.png */,
			);
			name = "Main Graphics";
			path = "PRAR-Example/Main Graphics";
			sourceTree = "<group>";
		};
		36CF8C0D179A5122007BE243 /* Data Handlers */ = {
			isa = PBXGroup;
			children = (
				36CF8C12179A5122007BE243 /* DIOS */,
				36CF8C0E179A5122007BE243 /* DataController.h */,
				36CF8C0F179A5122007BE243 /* DataController.m */,
				36CF8C10179A5122007BE243 /* DBController.h */,
				36CF8C11179A5122007BE243 /* DBController.m */,
				36CF8C1C179A5122007BE243 /* DIOSARNode.h */,
				36CF8C1D179A5122007BE243 /* DIOSARNode.m */,
				36CF8C1E179A5122007BE243 /* MyLocation.h */,
				36CF8C1F179A5122007BE243 /* MyLocation.m */,
				36281F981811CE2600860A3D /* Locations */,
			);
			path = "Data Handlers";
			sourceTree = "<group>";
		};
		36CF8C12179A5122007BE243 /* DIOS */ = {
			isa = PBXGroup;
			children = (
				36CF8C13179A5122007BE243 /* DIOSNode.h */,
				36CF8C14179A5122007BE243 /* DIOSNode.m */,
				36CF8C15179A5122007BE243 /* DIOSSession.h */,
				36CF8C16179A5122007BE243 /* DIOSSession.m */,
				36CF8C17179A5122007BE243 /* DIOSSystem.h */,
				36CF8C18179A5122007BE243 /* DIOSSystem.m */,
				36CF8C19179A5122007BE243 /* DIOSUser.h */,
				36CF8C1A179A5122007BE243 /* DIOSUser.m */,
				36CF8C1B179A5122007BE243 /* Settings.h */,
			);
			path = DIOS;
			sourceTree = "<group>";
		};
/* End PBXGroup section */

/* Begin PBXNativeTarget section */
		36CF8BD7179A5088007BE243 /* PRAR-Example */ = {
			isa = PBXNativeTarget;
			buildConfigurationList = 36CF8BFB179A5088007BE243 /* Build configuration list for PBXNativeTarget "PRAR-Example" */;
			buildPhases = (
				AEA5051E3AA24213AAE42689 /* Check Pods Manifest.lock */,
				36CF8BD4179A5088007BE243 /* Sources */,
				36CF8BD5179A5088007BE243 /* Frameworks */,
				36CF8BD6179A5088007BE243 /* Resources */,
				2A720F675B084A2F9CF727A1 /* Copy Pods Resources */,
			);
			buildRules = (
			);
			dependencies = (
			);
			name = "PRAR-Example";
			productName = "PRAR-Example";
			productReference = 36CF8BD8179A5088007BE243 /* PRAR-Example.app */;
			productType = "com.apple.product-type.application";
		};
/* End PBXNativeTarget section */

/* Begin PBXProject section */
		36CF8BD0179A5088007BE243 /* Project object */ = {
			isa = PBXProject;
			attributes = {
				LastUpgradeCheck = 0460;
				ORGANIZATIONNAME = "Geoffroy Lesage";
			};
			buildConfigurationList = 36CF8BD3179A5088007BE243 /* Build configuration list for PBXProject "PRAR-Example" */;
			compatibilityVersion = "Xcode 3.2";
			developmentRegion = English;
			hasScannedForEncodings = 0;
			knownRegions = (
				en,
			);
			mainGroup = 36CF8BCF179A5088007BE243;
			productRefGroup = 36CF8BD9179A5088007BE243 /* Products */;
			projectDirPath = "";
			projectRoot = "";
			targets = (
				36CF8BD7179A5088007BE243 /* PRAR-Example */,
			);
		};
/* End PBXProject section */

/* Begin PBXResourcesBuildPhase section */
		36CF8BD6179A5088007BE243 /* Resources */ = {
			isa = PBXResourcesBuildPhase;
			buildActionMask = 2147483647;
			files = (
				36CF8BE6179A5088007BE243 /* InfoPlist.strings in Resources */,
				36CF8BEE179A5088007BE243 /* Default.png in Resources */,
				36CF8BF0179A5088007BE243 /* Default@2x.png in Resources */,
				36CF8BF2179A5088007BE243 /* Default-568h@2x.png in Resources */,
				36CF8BF5179A5088007BE243 /* MainStoryboard.storyboard in Resources */,
				36CF8BFF179A50D9007BE243 /* Logo.png in Resources */,
				36CF8C01179A50DB007BE243 /* Logo@2x.png in Resources */,
				36CF8C08179A511B007BE243 /* ARBD.png in Resources */,
				36CF8C09179A511B007BE243 /* ARBO.png in Resources */,
				36CF8C0A179A511B007BE243 /* ARBU.png in Resources */,
				36CF8C0B179A511B007BE243 /* Image_back.png in Resources */,
				36CF8C0C179A511B007BE243 /* x.png in Resources */,
				36CF8C2C179A5122007BE243 /* TestLoc.gpx in Resources */,
				369CB018179A55C000C8F291 /* ARObject.xib in Resources */,
				369CB019179A55C000C8F291 /* ar_icon.png in Resources */,
				369CB01A179A55C000C8F291 /* ar_overlay.png in Resources */,
				369CB01B179A55C000C8F291 /* ar_overlay@2x.png in Resources */,
				3647DAF417CFE311001FAA53 /* ARRadar.xib in Resources */,
				3647DAF617CFE504001FAA53 /* Radar.png in Resources */,
				3647DAF817CFEBDC001FAA53 /* RadarMV.png in Resources */,
				36BE519E18084E4000F7E322 /* Image_back_L.png in Resources */,
				36281F941811BBAA00860A3D /* NE.gpx in Resources */,
				36281F951811BBAA00860A3D /* NW.gpx in Resources */,
				36281F961811BBAA00860A3D /* SE.gpx in Resources */,
				36281F971811BBAA00860A3D /* SW.gpx in Resources */,
			);
			runOnlyForDeploymentPostprocessing = 0;
		};
/* End PBXResourcesBuildPhase section */

/* Begin PBXShellScriptBuildPhase section */
		2A720F675B084A2F9CF727A1 /* Copy Pods Resources */ = {
			isa = PBXShellScriptBuildPhase;
			buildActionMask = 2147483647;
			files = (
			);
			inputPaths = (
			);
			name = "Copy Pods Resources";
			outputPaths = (
			);
			runOnlyForDeploymentPostprocessing = 0;
			shellPath = /bin/sh;
			shellScript = "\"${SRCROOT}/Pods/Pods-resources.sh\"\n";
		};
		AEA5051E3AA24213AAE42689 /* Check Pods Manifest.lock */ = {
			isa = PBXShellScriptBuildPhase;
			buildActionMask = 2147483647;
			files = (
			);
			inputPaths = (
			);
			name = "Check Pods Manifest.lock";
			outputPaths = (
			);
			runOnlyForDeploymentPostprocessing = 0;
			shellPath = /bin/sh;
			shellScript = "diff \"${PODS_ROOT}/../Podfile.lock\" \"${PODS_ROOT}/Manifest.lock\" > /dev/null\nif [[ $? != 0 ]] ; then\n    cat << EOM\nerror: The sandbox is not in sync with the Podfile.lock. Run 'pod install' or update your CocoaPods installation.\nEOM\n    exit 1\nfi\n";
		};
/* End PBXShellScriptBuildPhase section */

/* Begin PBXSourcesBuildPhase section */
		36CF8BD4179A5088007BE243 /* Sources */ = {
			isa = PBXSourcesBuildPhase;
			buildActionMask = 2147483647;
			files = (
				36CF8BE8179A5088007BE243 /* main.m in Sources */,
				36CF8BEC179A5088007BE243 /* AppDelegate.m in Sources */,
				36CF8BF8179A5088007BE243 /* ViewController.m in Sources */,
				36CF8C24179A5122007BE243 /* DataController.m in Sources */,
				36CF8C25179A5122007BE243 /* DBController.m in Sources */,
				36CF8C26179A5122007BE243 /* DIOSNode.m in Sources */,
				36CF8C27179A5122007BE243 /* DIOSSession.m in Sources */,
				36CF8C28179A5122007BE243 /* DIOSSystem.m in Sources */,
				36CF8C29179A5122007BE243 /* DIOSUser.m in Sources */,
				36CF8C2A179A5122007BE243 /* DIOSARNode.m in Sources */,
				36CF8C2B179A5122007BE243 /* MyLocation.m in Sources */,
				36CF8C2D179A5122007BE243 /* ARView.m in Sources */,
				369CB016179A55C000C8F291 /* ARController.m in Sources */,
				369CB017179A55C000C8F291 /* ARObject.m in Sources */,
				3647DAF317CFE311001FAA53 /* ARRadar.m in Sources */,
				36446C8C1803143E00DB7A68 /* PRARManager.m in Sources */,
				36446C921803208F00DB7A68 /* LocationMath.m in Sources */,
			);
			runOnlyForDeploymentPostprocessing = 0;
		};
/* End PBXSourcesBuildPhase section */

/* Begin PBXVariantGroup section */
		36CF8BE4179A5088007BE243 /* InfoPlist.strings */ = {
			isa = PBXVariantGroup;
			children = (
				36CF8BE5179A5088007BE243 /* en */,
			);
			name = InfoPlist.strings;
			sourceTree = "<group>";
		};
		36CF8BF3179A5088007BE243 /* MainStoryboard.storyboard */ = {
			isa = PBXVariantGroup;
			children = (
				36CF8BF4179A5088007BE243 /* en */,
			);
			name = MainStoryboard.storyboard;
			sourceTree = "<group>";
		};
/* End PBXVariantGroup section */

/* Begin XCBuildConfiguration section */
		36CF8BF9179A5088007BE243 /* Debug */ = {
			isa = XCBuildConfiguration;
			buildSettings = {
				ALWAYS_SEARCH_USER_PATHS = NO;
				CLANG_CXX_LANGUAGE_STANDARD = "gnu++0x";
				CLANG_CXX_LIBRARY = "libc++";
				CLANG_ENABLE_OBJC_ARC = YES;
				CLANG_WARN_CONSTANT_CONVERSION = YES;
				CLANG_WARN_EMPTY_BODY = YES;
				CLANG_WARN_ENUM_CONVERSION = YES;
				CLANG_WARN_INT_CONVERSION = YES;
				CLANG_WARN__DUPLICATE_METHOD_MATCH = YES;
				"CODE_SIGN_IDENTITY[sdk=iphoneos*]" = "iPhone Developer";
				COPY_PHASE_STRIP = NO;
				GCC_C_LANGUAGE_STANDARD = gnu99;
				GCC_DYNAMIC_NO_PIC = NO;
				GCC_OPTIMIZATION_LEVEL = 0;
				GCC_PREPROCESSOR_DEFINITIONS = (
					"DEBUG=1",
					"$(inherited)",
				);
				GCC_SYMBOLS_PRIVATE_EXTERN = NO;
				GCC_WARN_ABOUT_RETURN_TYPE = YES;
				GCC_WARN_UNINITIALIZED_AUTOS = YES;
				GCC_WARN_UNUSED_VARIABLE = YES;
				IPHONEOS_DEPLOYMENT_TARGET = 6.1;
				ONLY_ACTIVE_ARCH = YES;
				SDKROOT = iphoneos;
			};
			name = Debug;
		};
		36CF8BFA179A5088007BE243 /* Release */ = {
			isa = XCBuildConfiguration;
			buildSettings = {
				ALWAYS_SEARCH_USER_PATHS = NO;
				CLANG_CXX_LANGUAGE_STANDARD = "gnu++0x";
				CLANG_CXX_LIBRARY = "libc++";
				CLANG_ENABLE_OBJC_ARC = YES;
				CLANG_WARN_CONSTANT_CONVERSION = YES;
				CLANG_WARN_EMPTY_BODY = YES;
				CLANG_WARN_ENUM_CONVERSION = YES;
				CLANG_WARN_INT_CONVERSION = YES;
				CLANG_WARN__DUPLICATE_METHOD_MATCH = YES;
				"CODE_SIGN_IDENTITY[sdk=iphoneos*]" = "iPhone Developer";
				COPY_PHASE_STRIP = YES;
				GCC_C_LANGUAGE_STANDARD = gnu99;
				GCC_WARN_ABOUT_RETURN_TYPE = YES;
				GCC_WARN_UNINITIALIZED_AUTOS = YES;
				GCC_WARN_UNUSED_VARIABLE = YES;
				IPHONEOS_DEPLOYMENT_TARGET = 6.1;
				OTHER_CFLAGS = "-DNS_BLOCK_ASSERTIONS=1";
				SDKROOT = iphoneos;
				VALIDATE_PRODUCT = YES;
			};
			name = Release;
		};
		36CF8BFC179A5088007BE243 /* Debug */ = {
			isa = XCBuildConfiguration;
			baseConfigurationReference = 762233081DD540489E511D03 /* Pods.xcconfig */;
			buildSettings = {
				CODE_SIGN_IDENTITY = "";
				GCC_PRECOMPILE_PREFIX_HEADER = YES;
				GCC_PREFIX_HEADER = "PRAR-Example/PRAR-Example-Prefix.pch";
				INFOPLIST_FILE = "PRAR-Example/PRAR-Example-Info.plist";
				IPHONEOS_DEPLOYMENT_TARGET = 6.0;
				PRODUCT_NAME = "$(TARGET_NAME)";
				PROVISIONING_PROFILE = "2D3ECB70-0561-4B27-8563-0AC2AE89E303";
				WRAPPER_EXTENSION = app;
			};
			name = Debug;
		};
		36CF8BFD179A5088007BE243 /* Release */ = {
			isa = XCBuildConfiguration;
			baseConfigurationReference = 762233081DD540489E511D03 /* Pods.xcconfig */;
			buildSettings = {
				CODE_SIGN_IDENTITY = "";
				GCC_PRECOMPILE_PREFIX_HEADER = YES;
				GCC_PREFIX_HEADER = "PRAR-Example/PRAR-Example-Prefix.pch";
				INFOPLIST_FILE = "PRAR-Example/PRAR-Example-Info.plist";
				IPHONEOS_DEPLOYMENT_TARGET = 6.0;
				PRODUCT_NAME = "$(TARGET_NAME)";
				PROVISIONING_PROFILE = "2D3ECB70-0561-4B27-8563-0AC2AE89E303";
				WRAPPER_EXTENSION = app;
			};
			name = Release;
		};
/* End XCBuildConfiguration section */

/* Begin XCConfigurationList section */
		36CF8BD3179A5088007BE243 /* Build configuration list for PBXProject "PRAR-Example" */ = {
			isa = XCConfigurationList;
			buildConfigurations = (
				36CF8BF9179A5088007BE243 /* Debug */,
				36CF8BFA179A5088007BE243 /* Release */,
			);
			defaultConfigurationIsVisible = 0;
			defaultConfigurationName = Release;
		};
		36CF8BFB179A5088007BE243 /* Build configuration list for PBXNativeTarget "PRAR-Example" */ = {
			isa = XCConfigurationList;
			buildConfigurations = (
				36CF8BFC179A5088007BE243 /* Debug */,
				36CF8BFD179A5088007BE243 /* Release */,
			);
			defaultConfigurationIsVisible = 0;
			defaultConfigurationName = Release;
		};
/* End XCConfigurationList section */
	};
	rootObject = 36CF8BD0179A5088007BE243 /* Project object */;
}
