// !$*UTF8*$!
{
	archiveVersion = 1;
	classes = {
	};
	objectVersion = 46;
	objects = {

/* Begin PBXBuildFile section */
		2A557E0A27294745B23CEB1F /* libPods.a in Frameworks */ = {isa = PBXBuildFile; fileRef = 251EFD2ECBFF4A528F708D50 /* libPods.a */; };
		361466BB175FB7BE00E7970B /* ARController.m in Sources */ = {isa = PBXBuildFile; fileRef = 361466AD175FB7BE00E7970B /* ARController.m */; };
		361466BC175FB7BE00E7970B /* ARObject.m in Sources */ = {isa = PBXBuildFile; fileRef = 361466AF175FB7BE00E7970B /* ARObject.m */; };
		361466BD175FB7BE00E7970B /* ARObject.xib in Resources */ = {isa = PBXBuildFile; fileRef = 361466B0175FB7BE00E7970B /* ARObject.xib */; };
		361466BE175FB7BE00E7970B /* ar_icon.png in Resources */ = {isa = PBXBuildFile; fileRef = 361466B3175FB7BE00E7970B /* ar_icon.png */; };
		361466BF175FB7BE00E7970B /* ar_overlay.png in Resources */ = {isa = PBXBuildFile; fileRef = 361466B4175FB7BE00E7970B /* ar_overlay.png */; };
		361466C0175FB7BE00E7970B /* ar_overlay@2x.png in Resources */ = {isa = PBXBuildFile; fileRef = 361466B5175FB7BE00E7970B /* ar_overlay@2x.png */; };
		361466C1175FB7BE00E7970B /* LocationWork.m in Sources */ = {isa = PBXBuildFile; fileRef = 361466B8175FB7BE00E7970B /* LocationWork.m */; };
		361466C4175FB7D200E7970B /* AVFoundation.framework in Frameworks */ = {isa = PBXBuildFile; fileRef = 361466C3175FB7D200E7970B /* AVFoundation.framework */; };
		361466C6175FB7D500E7970B /* QuartzCore.framework in Frameworks */ = {isa = PBXBuildFile; fileRef = 361466C5175FB7D500E7970B /* QuartzCore.framework */; };
		361466C8175FB7D900E7970B /* CoreMotion.framework in Frameworks */ = {isa = PBXBuildFile; fileRef = 361466C7175FB7D900E7970B /* CoreMotion.framework */; };
		361466CA175FB7E000E7970B /* CoreLocation.framework in Frameworks */ = {isa = PBXBuildFile; fileRef = 361466C9175FB7E000E7970B /* CoreLocation.framework */; };
		361466CC175FB7E900E7970B /* MapKit.framework in Frameworks */ = {isa = PBXBuildFile; fileRef = 361466CB175FB7E900E7970B /* MapKit.framework */; };
		361466D7175FBF8D00E7970B /* ARBD.png in Resources */ = {isa = PBXBuildFile; fileRef = 361466D3175FBF8D00E7970B /* ARBD.png */; };
		361466D8175FBF8D00E7970B /* ARBU.png in Resources */ = {isa = PBXBuildFile; fileRef = 361466D4175FBF8D00E7970B /* ARBU.png */; };
		361466D9175FBF8D00E7970B /* Image_back.png in Resources */ = {isa = PBXBuildFile; fileRef = 361466D5175FBF8D00E7970B /* Image_back.png */; };
		361466DA175FBF8D00E7970B /* x.png in Resources */ = {isa = PBXBuildFile; fileRef = 361466D6175FBF8D00E7970B /* x.png */; };
		361466DC175FC01900E7970B /* ARBO.png in Resources */ = {isa = PBXBuildFile; fileRef = 361466DB175FC01900E7970B /* ARBO.png */; };
		361466E1175FC6FC00E7970B /* MyLocation.m in Sources */ = {isa = PBXBuildFile; fileRef = 361466E0175FC6FC00E7970B /* MyLocation.m */; };
		361EC62C175FB647007C10B9 /* UIKit.framework in Frameworks */ = {isa = PBXBuildFile; fileRef = 361EC62B175FB647007C10B9 /* UIKit.framework */; };
		361EC62E175FB647007C10B9 /* Foundation.framework in Frameworks */ = {isa = PBXBuildFile; fileRef = 361EC62D175FB647007C10B9 /* Foundation.framework */; };
		361EC630175FB647007C10B9 /* CoreGraphics.framework in Frameworks */ = {isa = PBXBuildFile; fileRef = 361EC62F175FB647007C10B9 /* CoreGraphics.framework */; };
		361EC636175FB647007C10B9 /* InfoPlist.strings in Resources */ = {isa = PBXBuildFile; fileRef = 361EC634175FB647007C10B9 /* InfoPlist.strings */; };
		361EC638175FB647007C10B9 /* main.m in Sources */ = {isa = PBXBuildFile; fileRef = 361EC637175FB647007C10B9 /* main.m */; };
		361EC63C175FB647007C10B9 /* AppDelegate.m in Sources */ = {isa = PBXBuildFile; fileRef = 361EC63B175FB647007C10B9 /* AppDelegate.m */; };
		361EC63E175FB647007C10B9 /* Default.png in Resources */ = {isa = PBXBuildFile; fileRef = 361EC63D175FB647007C10B9 /* Default.png */; };
		361EC640175FB647007C10B9 /* Default@2x.png in Resources */ = {isa = PBXBuildFile; fileRef = 361EC63F175FB647007C10B9 /* Default@2x.png */; };
		361EC642175FB647007C10B9 /* Default-568h@2x.png in Resources */ = {isa = PBXBuildFile; fileRef = 361EC641175FB647007C10B9 /* Default-568h@2x.png */; };
		361EC645175FB647007C10B9 /* MainStoryboard.storyboard in Resources */ = {isa = PBXBuildFile; fileRef = 361EC643175FB647007C10B9 /* MainStoryboard.storyboard */; };
		361EC648175FB647007C10B9 /* ViewController.m in Sources */ = {isa = PBXBuildFile; fileRef = 361EC647175FB647007C10B9 /* ViewController.m */; };
		361EC64F175FB6A0007C10B9 /* Logo.png in Resources */ = {isa = PBXBuildFile; fileRef = 361EC64E175FB6A0007C10B9 /* Logo.png */; };
		361EC651175FB6A3007C10B9 /* Logo@2x.png in Resources */ = {isa = PBXBuildFile; fileRef = 361EC650175FB6A3007C10B9 /* Logo@2x.png */; };
		361EC66B175FB719007C10B9 /* DataController.m in Sources */ = {isa = PBXBuildFile; fileRef = 361EC654175FB719007C10B9 /* DataController.m */; };
		361EC66C175FB719007C10B9 /* DBController.m in Sources */ = {isa = PBXBuildFile; fileRef = 361EC656175FB719007C10B9 /* DBController.m */; };
		361EC66F175FB719007C10B9 /* DIOSNode.m in Sources */ = {isa = PBXBuildFile; fileRef = 361EC65D175FB719007C10B9 /* DIOSNode.m */; };
		361EC670175FB719007C10B9 /* DIOSSession.m in Sources */ = {isa = PBXBuildFile; fileRef = 361EC65F175FB719007C10B9 /* DIOSSession.m */; };
		361EC671175FB719007C10B9 /* DIOSSystem.m in Sources */ = {isa = PBXBuildFile; fileRef = 361EC661175FB719007C10B9 /* DIOSSystem.m */; };
		361EC673175FB719007C10B9 /* DIOSUser.m in Sources */ = {isa = PBXBuildFile; fileRef = 361EC665175FB719007C10B9 /* DIOSUser.m */; };
		361EC675175FB719007C10B9 /* DIOSARNode.m in Sources */ = {isa = PBXBuildFile; fileRef = 361EC66A175FB719007C10B9 /* DIOSARNode.m */; };
		361EC67D175FB72B007C10B9 /* ARView.m in Sources */ = {isa = PBXBuildFile; fileRef = 361EC678175FB72B007C10B9 /* ARView.m */; };
		36A16BFD176FEE19004A75BA /* TestLoc.gpx in Resources */ = {isa = PBXBuildFile; fileRef = 36A16BFC176FEE19004A75BA /* TestLoc.gpx */; };
/* End PBXBuildFile section */

/* Begin PBXFileReference section */
		251EFD2ECBFF4A528F708D50 /* libPods.a */ = {isa = PBXFileReference; explicitFileType = archive.ar; includeInIndex = 0; path = libPods.a; sourceTree = BUILT_PRODUCTS_DIR; };
		361466AC175FB7BE00E7970B /* ARController.h */ = {isa = PBXFileReference; fileEncoding = 4; lastKnownFileType = sourcecode.c.h; path = ARController.h; sourceTree = "<group>"; };
		361466AD175FB7BE00E7970B /* ARController.m */ = {isa = PBXFileReference; fileEncoding = 4; lastKnownFileType = sourcecode.c.objc; path = ARController.m; sourceTree = "<group>"; };
		361466AE175FB7BE00E7970B /* ARObject.h */ = {isa = PBXFileReference; fileEncoding = 4; lastKnownFileType = sourcecode.c.h; path = ARObject.h; sourceTree = "<group>"; };
		361466AF175FB7BE00E7970B /* ARObject.m */ = {isa = PBXFileReference; fileEncoding = 4; lastKnownFileType = sourcecode.c.objc; path = ARObject.m; sourceTree = "<group>"; };
		361466B0175FB7BE00E7970B /* ARObject.xib */ = {isa = PBXFileReference; fileEncoding = 4; lastKnownFileType = file.xib; path = ARObject.xib; sourceTree = "<group>"; };
		361466B1175FB7BE00E7970B /* ARSettings.h */ = {isa = PBXFileReference; fileEncoding = 4; lastKnownFileType = sourcecode.c.h; path = ARSettings.h; sourceTree = "<group>"; };
		361466B3175FB7BE00E7970B /* ar_icon.png */ = {isa = PBXFileReference; lastKnownFileType = image.png; path = ar_icon.png; sourceTree = "<group>"; };
		361466B4175FB7BE00E7970B /* ar_overlay.png */ = {isa = PBXFileReference; lastKnownFileType = image.png; path = ar_overlay.png; sourceTree = "<group>"; };
		361466B5175FB7BE00E7970B /* ar_overlay@2x.png */ = {isa = PBXFileReference; lastKnownFileType = image.png; path = "ar_overlay@2x.png"; sourceTree = "<group>"; };
		361466B7175FB7BE00E7970B /* LocationWork.h */ = {isa = PBXFileReference; fileEncoding = 4; lastKnownFileType = sourcecode.c.h; path = LocationWork.h; sourceTree = "<group>"; };
		361466B8175FB7BE00E7970B /* LocationWork.m */ = {isa = PBXFileReference; fileEncoding = 4; lastKnownFileType = sourcecode.c.objc; path = LocationWork.m; sourceTree = "<group>"; };
		361466C3175FB7D200E7970B /* AVFoundation.framework */ = {isa = PBXFileReference; lastKnownFileType = wrapper.framework; name = AVFoundation.framework; path = System/Library/Frameworks/AVFoundation.framework; sourceTree = SDKROOT; };
		361466C5175FB7D500E7970B /* QuartzCore.framework */ = {isa = PBXFileReference; lastKnownFileType = wrapper.framework; name = QuartzCore.framework; path = System/Library/Frameworks/QuartzCore.framework; sourceTree = SDKROOT; };
		361466C7175FB7D900E7970B /* CoreMotion.framework */ = {isa = PBXFileReference; lastKnownFileType = wrapper.framework; name = CoreMotion.framework; path = System/Library/Frameworks/CoreMotion.framework; sourceTree = SDKROOT; };
		361466C9175FB7E000E7970B /* CoreLocation.framework */ = {isa = PBXFileReference; lastKnownFileType = wrapper.framework; name = CoreLocation.framework; path = System/Library/Frameworks/CoreLocation.framework; sourceTree = SDKROOT; };
		361466CB175FB7E900E7970B /* MapKit.framework */ = {isa = PBXFileReference; lastKnownFileType = wrapper.framework; name = MapKit.framework; path = System/Library/Frameworks/MapKit.framework; sourceTree = SDKROOT; };
		361466D3175FBF8D00E7970B /* ARBD.png */ = {isa = PBXFileReference; lastKnownFileType = image.png; name = ARBD.png; path = "PRAR-Example/Main Graphics/ARBD.png"; sourceTree = "<group>"; };
		361466D4175FBF8D00E7970B /* ARBU.png */ = {isa = PBXFileReference; lastKnownFileType = image.png; name = ARBU.png; path = "PRAR-Example/Main Graphics/ARBU.png"; sourceTree = "<group>"; };
		361466D5175FBF8D00E7970B /* Image_back.png */ = {isa = PBXFileReference; lastKnownFileType = image.png; name = Image_back.png; path = "PRAR-Example/Main Graphics/Image_back.png"; sourceTree = "<group>"; };
		361466D6175FBF8D00E7970B /* x.png */ = {isa = PBXFileReference; lastKnownFileType = image.png; name = x.png; path = "PRAR-Example/Main Graphics/x.png"; sourceTree = "<group>"; };
		361466DB175FC01900E7970B /* ARBO.png */ = {isa = PBXFileReference; lastKnownFileType = image.png; name = ARBO.png; path = "PRAR-Example/Main Graphics/ARBO.png"; sourceTree = "<group>"; };
		361466DF175FC6FC00E7970B /* MyLocation.h */ = {isa = PBXFileReference; fileEncoding = 4; lastKnownFileType = sourcecode.c.h; path = MyLocation.h; sourceTree = "<group>"; };
		361466E0175FC6FC00E7970B /* MyLocation.m */ = {isa = PBXFileReference; fileEncoding = 4; lastKnownFileType = sourcecode.c.objc; path = MyLocation.m; sourceTree = "<group>"; };
		361EC628175FB647007C10B9 /* PRAR-Example.app */ = {isa = PBXFileReference; explicitFileType = wrapper.application; includeInIndex = 0; path = "PRAR-Example.app"; sourceTree = BUILT_PRODUCTS_DIR; };
		361EC62B175FB647007C10B9 /* UIKit.framework */ = {isa = PBXFileReference; lastKnownFileType = wrapper.framework; name = UIKit.framework; path = System/Library/Frameworks/UIKit.framework; sourceTree = SDKROOT; };
		361EC62D175FB647007C10B9 /* Foundation.framework */ = {isa = PBXFileReference; lastKnownFileType = wrapper.framework; name = Foundation.framework; path = System/Library/Frameworks/Foundation.framework; sourceTree = SDKROOT; };
		361EC62F175FB647007C10B9 /* CoreGraphics.framework */ = {isa = PBXFileReference; lastKnownFileType = wrapper.framework; name = CoreGraphics.framework; path = System/Library/Frameworks/CoreGraphics.framework; sourceTree = SDKROOT; };
		361EC633175FB647007C10B9 /* PRAR-Example-Info.plist */ = {isa = PBXFileReference; lastKnownFileType = text.plist.xml; path = "PRAR-Example-Info.plist"; sourceTree = "<group>"; };
		361EC635175FB647007C10B9 /* en */ = {isa = PBXFileReference; lastKnownFileType = text.plist.strings; name = en; path = en.lproj/InfoPlist.strings; sourceTree = "<group>"; };
		361EC637175FB647007C10B9 /* main.m */ = {isa = PBXFileReference; lastKnownFileType = sourcecode.c.objc; path = main.m; sourceTree = "<group>"; };
		361EC639175FB647007C10B9 /* PRAR-Example-Prefix.pch */ = {isa = PBXFileReference; lastKnownFileType = sourcecode.c.h; path = "PRAR-Example-Prefix.pch"; sourceTree = "<group>"; };
		361EC63A175FB647007C10B9 /* AppDelegate.h */ = {isa = PBXFileReference; lastKnownFileType = sourcecode.c.h; path = AppDelegate.h; sourceTree = "<group>"; };
		361EC63B175FB647007C10B9 /* AppDelegate.m */ = {isa = PBXFileReference; lastKnownFileType = sourcecode.c.objc; path = AppDelegate.m; sourceTree = "<group>"; };
		361EC63D175FB647007C10B9 /* Default.png */ = {isa = PBXFileReference; lastKnownFileType = image.png; path = Default.png; sourceTree = "<group>"; };
		361EC63F175FB647007C10B9 /* Default@2x.png */ = {isa = PBXFileReference; lastKnownFileType = image.png; path = "Default@2x.png"; sourceTree = "<group>"; };
		361EC641175FB647007C10B9 /* Default-568h@2x.png */ = {isa = PBXFileReference; lastKnownFileType = image.png; path = "Default-568h@2x.png"; sourceTree = "<group>"; };
		361EC644175FB647007C10B9 /* en */ = {isa = PBXFileReference; lastKnownFileType = file.storyboard; name = en; path = en.lproj/MainStoryboard.storyboard; sourceTree = "<group>"; };
		361EC646175FB647007C10B9 /* ViewController.h */ = {isa = PBXFileReference; lastKnownFileType = sourcecode.c.h; path = ViewController.h; sourceTree = "<group>"; };
		361EC647175FB647007C10B9 /* ViewController.m */ = {isa = PBXFileReference; lastKnownFileType = sourcecode.c.objc; path = ViewController.m; sourceTree = "<group>"; };
		361EC64E175FB6A0007C10B9 /* Logo.png */ = {isa = PBXFileReference; lastKnownFileType = image.png; path = Logo.png; sourceTree = "<group>"; };
		361EC650175FB6A3007C10B9 /* Logo@2x.png */ = {isa = PBXFileReference; lastKnownFileType = image.png; path = "Logo@2x.png"; sourceTree = "<group>"; };
		361EC653175FB719007C10B9 /* DataController.h */ = {isa = PBXFileReference; fileEncoding = 4; lastKnownFileType = sourcecode.c.h; path = DataController.h; sourceTree = "<group>"; };
		361EC654175FB719007C10B9 /* DataController.m */ = {isa = PBXFileReference; fileEncoding = 4; lastKnownFileType = sourcecode.c.objc; path = DataController.m; sourceTree = "<group>"; };
		361EC655175FB719007C10B9 /* DBController.h */ = {isa = PBXFileReference; fileEncoding = 4; lastKnownFileType = sourcecode.c.h; path = DBController.h; sourceTree = "<group>"; };
		361EC656175FB719007C10B9 /* DBController.m */ = {isa = PBXFileReference; fileEncoding = 4; lastKnownFileType = sourcecode.c.objc; path = DBController.m; sourceTree = "<group>"; };
		361EC65C175FB719007C10B9 /* DIOSNode.h */ = {isa = PBXFileReference; fileEncoding = 4; lastKnownFileType = sourcecode.c.h; path = DIOSNode.h; sourceTree = "<group>"; };
		361EC65D175FB719007C10B9 /* DIOSNode.m */ = {isa = PBXFileReference; fileEncoding = 4; lastKnownFileType = sourcecode.c.objc; path = DIOSNode.m; sourceTree = "<group>"; };
		361EC65E175FB719007C10B9 /* DIOSSession.h */ = {isa = PBXFileReference; fileEncoding = 4; lastKnownFileType = sourcecode.c.h; path = DIOSSession.h; sourceTree = "<group>"; };
		361EC65F175FB719007C10B9 /* DIOSSession.m */ = {isa = PBXFileReference; fileEncoding = 4; lastKnownFileType = sourcecode.c.objc; path = DIOSSession.m; sourceTree = "<group>"; };
		361EC660175FB719007C10B9 /* DIOSSystem.h */ = {isa = PBXFileReference; fileEncoding = 4; lastKnownFileType = sourcecode.c.h; path = DIOSSystem.h; sourceTree = "<group>"; };
		361EC661175FB719007C10B9 /* DIOSSystem.m */ = {isa = PBXFileReference; fileEncoding = 4; lastKnownFileType = sourcecode.c.objc; path = DIOSSystem.m; sourceTree = "<group>"; };
		361EC664175FB719007C10B9 /* DIOSUser.h */ = {isa = PBXFileReference; fileEncoding = 4; lastKnownFileType = sourcecode.c.h; path = DIOSUser.h; sourceTree = "<group>"; };
		361EC665175FB719007C10B9 /* DIOSUser.m */ = {isa = PBXFileReference; fileEncoding = 4; lastKnownFileType = sourcecode.c.objc; path = DIOSUser.m; sourceTree = "<group>"; };
		361EC668175FB719007C10B9 /* Settings.h */ = {isa = PBXFileReference; fileEncoding = 4; lastKnownFileType = sourcecode.c.h; path = Settings.h; sourceTree = "<group>"; };
		361EC669175FB719007C10B9 /* DIOSARNode.h */ = {isa = PBXFileReference; fileEncoding = 4; lastKnownFileType = sourcecode.c.h; path = DIOSARNode.h; sourceTree = "<group>"; };
		361EC66A175FB719007C10B9 /* DIOSARNode.m */ = {isa = PBXFileReference; fileEncoding = 4; lastKnownFileType = sourcecode.c.objc; path = DIOSARNode.m; sourceTree = "<group>"; };
		361EC677175FB72B007C10B9 /* ARView.h */ = {isa = PBXFileReference; fileEncoding = 4; lastKnownFileType = sourcecode.c.h; name = ARView.h; path = "Main Views/ARView.h"; sourceTree = "<group>"; };
		361EC678175FB72B007C10B9 /* ARView.m */ = {isa = PBXFileReference; fileEncoding = 4; lastKnownFileType = sourcecode.c.objc; name = ARView.m; path = "Main Views/ARView.m"; sourceTree = "<group>"; };
		36A16BFC176FEE19004A75BA /* TestLoc.gpx */ = {isa = PBXFileReference; fileEncoding = 4; lastKnownFileType = text.xml; path = TestLoc.gpx; sourceTree = "<group>"; };
		4CABE336794A4F5EA94BF959 /* Pods.xcconfig */ = {isa = PBXFileReference; includeInIndex = 1; lastKnownFileType = text.xcconfig; name = Pods.xcconfig; path = Pods/Pods.xcconfig; sourceTree = SOURCE_ROOT; };
/* End PBXFileReference section */

/* Begin PBXFrameworksBuildPhase section */
		361EC625175FB647007C10B9 /* Frameworks */ = {
			isa = PBXFrameworksBuildPhase;
			buildActionMask = 2147483647;
			files = (
				361466CC175FB7E900E7970B /* MapKit.framework in Frameworks */,
				361466CA175FB7E000E7970B /* CoreLocation.framework in Frameworks */,
				361466C8175FB7D900E7970B /* CoreMotion.framework in Frameworks */,
				361466C6175FB7D500E7970B /* QuartzCore.framework in Frameworks */,
				361466C4175FB7D200E7970B /* AVFoundation.framework in Frameworks */,
				361EC62C175FB647007C10B9 /* UIKit.framework in Frameworks */,
				361EC62E175FB647007C10B9 /* Foundation.framework in Frameworks */,
				361EC630175FB647007C10B9 /* CoreGraphics.framework in Frameworks */,
				2A557E0A27294745B23CEB1F /* libPods.a in Frameworks */,
			);
			runOnlyForDeploymentPostprocessing = 0;
		};
/* End PBXFrameworksBuildPhase section */

/* Begin PBXGroup section */
		361466AA175FB7BE00E7970B /* PRAugmentedReality */ = {
			isa = PBXGroup;
			children = (
				361466B1175FB7BE00E7970B /* ARSettings.h */,
				361466AB175FB7BE00E7970B /* AR */,
				361466B2175FB7BE00E7970B /* Graphics */,
				361466B6175FB7BE00E7970B /* Location */,
				361466CD175FB7FB00E7970B /* Dependencies */,
			);
			name = PRAugmentedReality;
			path = ../../Classes;
			sourceTree = "<group>";
		};
		361466AB175FB7BE00E7970B /* AR */ = {
			isa = PBXGroup;
			children = (
				361466AC175FB7BE00E7970B /* ARController.h */,
				361466AD175FB7BE00E7970B /* ARController.m */,
				361466AE175FB7BE00E7970B /* ARObject.h */,
				361466AF175FB7BE00E7970B /* ARObject.m */,
				361466B0175FB7BE00E7970B /* ARObject.xib */,
			);
			path = AR;
			sourceTree = "<group>";
		};
		361466B2175FB7BE00E7970B /* Graphics */ = {
			isa = PBXGroup;
			children = (
				361466B3175FB7BE00E7970B /* ar_icon.png */,
				361466B4175FB7BE00E7970B /* ar_overlay.png */,
				361466B5175FB7BE00E7970B /* ar_overlay@2x.png */,
			);
			path = Graphics;
			sourceTree = "<group>";
		};
		361466B6175FB7BE00E7970B /* Location */ = {
			isa = PBXGroup;
			children = (
				361466B7175FB7BE00E7970B /* LocationWork.h */,
				361466B8175FB7BE00E7970B /* LocationWork.m */,
			);
			path = Location;
			sourceTree = "<group>";
		};
		361466CD175FB7FB00E7970B /* Dependencies */ = {
			isa = PBXGroup;
			children = (
				361466CB175FB7E900E7970B /* MapKit.framework */,
				361466C9175FB7E000E7970B /* CoreLocation.framework */,
				361466C7175FB7D900E7970B /* CoreMotion.framework */,
				361466C5175FB7D500E7970B /* QuartzCore.framework */,
				361466C3175FB7D200E7970B /* AVFoundation.framework */,
			);
			name = Dependencies;
			sourceTree = "<group>";
		};
		361466D2175FBD4E00E7970B /* Main Graphics */ = {
			isa = PBXGroup;
			children = (
				361EC650175FB6A3007C10B9 /* Logo@2x.png */,
				361EC64E175FB6A0007C10B9 /* Logo.png */,
				361466D3175FBF8D00E7970B /* ARBD.png */,
				361466D4175FBF8D00E7970B /* ARBU.png */,
				361466DB175FC01900E7970B /* ARBO.png */,
				361466D5175FBF8D00E7970B /* Image_back.png */,
				361466D6175FBF8D00E7970B /* x.png */,
			);
			name = "Main Graphics";
			sourceTree = "<group>";
		};
		361EC61F175FB647007C10B9 = {
			isa = PBXGroup;
			children = (
				361466D2175FBD4E00E7970B /* Main Graphics */,
				361EC631175FB647007C10B9 /* PRAR-Example */,
				361EC62A175FB647007C10B9 /* Frameworks */,
				361EC629175FB647007C10B9 /* Products */,
				4CABE336794A4F5EA94BF959 /* Pods.xcconfig */,
			);
			sourceTree = "<group>";
		};
		361EC629175FB647007C10B9 /* Products */ = {
			isa = PBXGroup;
			children = (
				361EC628175FB647007C10B9 /* PRAR-Example.app */,
			);
			name = Products;
			sourceTree = "<group>";
		};
		361EC62A175FB647007C10B9 /* Frameworks */ = {
			isa = PBXGroup;
			children = (
				361EC62B175FB647007C10B9 /* UIKit.framework */,
				361EC62D175FB647007C10B9 /* Foundation.framework */,
				361EC62F175FB647007C10B9 /* CoreGraphics.framework */,
				251EFD2ECBFF4A528F708D50 /* libPods.a */,
			);
			name = Frameworks;
			sourceTree = "<group>";
		};
		361EC631175FB647007C10B9 /* PRAR-Example */ = {
			isa = PBXGroup;
			children = (
				361EC63A175FB647007C10B9 /* AppDelegate.h */,
				361EC63B175FB647007C10B9 /* AppDelegate.m */,
				361EC643175FB647007C10B9 /* MainStoryboard.storyboard */,
				361EC646175FB647007C10B9 /* ViewController.h */,
				361EC647175FB647007C10B9 /* ViewController.m */,
				361EC677175FB72B007C10B9 /* ARView.h */,
				361EC678175FB72B007C10B9 /* ARView.m */,
				361EC652175FB719007C10B9 /* Data Handlers */,
				361466AA175FB7BE00E7970B /* PRAugmentedReality */,
				361EC632175FB647007C10B9 /* Supporting Files */,
			);
			path = "PRAR-Example";
			sourceTree = "<group>";
		};
		361EC632175FB647007C10B9 /* Supporting Files */ = {
			isa = PBXGroup;
			children = (
				361EC633175FB647007C10B9 /* PRAR-Example-Info.plist */,
				361EC634175FB647007C10B9 /* InfoPlist.strings */,
				361EC637175FB647007C10B9 /* main.m */,
				361EC639175FB647007C10B9 /* PRAR-Example-Prefix.pch */,
				361EC63D175FB647007C10B9 /* Default.png */,
				361EC63F175FB647007C10B9 /* Default@2x.png */,
				361EC641175FB647007C10B9 /* Default-568h@2x.png */,
			);
			name = "Supporting Files";
			sourceTree = "<group>";
		};
		361EC652175FB719007C10B9 /* Data Handlers */ = {
			isa = PBXGroup;
			children = (
				361EC657175FB719007C10B9 /* DIOS */,
				361EC653175FB719007C10B9 /* DataController.h */,
				361EC654175FB719007C10B9 /* DataController.m */,
				361EC655175FB719007C10B9 /* DBController.h */,
				361EC656175FB719007C10B9 /* DBController.m */,
				361EC669175FB719007C10B9 /* DIOSARNode.h */,
				361EC66A175FB719007C10B9 /* DIOSARNode.m */,
				361466DF175FC6FC00E7970B /* MyLocation.h */,
				361466E0175FC6FC00E7970B /* MyLocation.m */,
				36A16BFC176FEE19004A75BA /* TestLoc.gpx */,
			);
			path = "Data Handlers";
			sourceTree = "<group>";
		};
		361EC657175FB719007C10B9 /* DIOS */ = {
			isa = PBXGroup;
			children = (
				361EC65C175FB719007C10B9 /* DIOSNode.h */,
				361EC65D175FB719007C10B9 /* DIOSNode.m */,
				361EC65E175FB719007C10B9 /* DIOSSession.h */,
				361EC65F175FB719007C10B9 /* DIOSSession.m */,
				361EC660175FB719007C10B9 /* DIOSSystem.h */,
				361EC661175FB719007C10B9 /* DIOSSystem.m */,
				361EC664175FB719007C10B9 /* DIOSUser.h */,
				361EC665175FB719007C10B9 /* DIOSUser.m */,
				361EC668175FB719007C10B9 /* Settings.h */,
			);
			path = DIOS;
			sourceTree = "<group>";
		};
/* End PBXGroup section */

/* Begin PBXNativeTarget section */
		361EC627175FB647007C10B9 /* PRAR-Example */ = {
			isa = PBXNativeTarget;
			buildConfigurationList = 361EC64B175FB647007C10B9 /* Build configuration list for PBXNativeTarget "PRAR-Example" */;
			buildPhases = (
				4DC7148A163F419DBE462902 /* Check Pods Manifest.lock */,
				361EC624175FB647007C10B9 /* Sources */,
				361EC625175FB647007C10B9 /* Frameworks */,
				361EC626175FB647007C10B9 /* Resources */,
				FEB8797DFA6B40D3A10ABFC3 /* Copy Pods Resources */,
			);
			buildRules = (
			);
			dependencies = (
			);
			name = "PRAR-Example";
			productName = "PRAR-Example";
			productReference = 361EC628175FB647007C10B9 /* PRAR-Example.app */;
			productType = "com.apple.product-type.application";
		};
/* End PBXNativeTarget section */

/* Begin PBXProject section */
		361EC620175FB647007C10B9 /* Project object */ = {
			isa = PBXProject;
			attributes = {
				LastUpgradeCheck = 0460;
				ORGANIZATIONNAME = "Geoffroy Lesage";
			};
			buildConfigurationList = 361EC623175FB647007C10B9 /* Build configuration list for PBXProject "PRAR-Example" */;
			compatibilityVersion = "Xcode 3.2";
			developmentRegion = English;
			hasScannedForEncodings = 0;
			knownRegions = (
				en,
			);
			mainGroup = 361EC61F175FB647007C10B9;
			productRefGroup = 361EC629175FB647007C10B9 /* Products */;
			projectDirPath = "";
			projectRoot = "";
			targets = (
				361EC627175FB647007C10B9 /* PRAR-Example */,
			);
		};
/* End PBXProject section */

/* Begin PBXResourcesBuildPhase section */
		361EC626175FB647007C10B9 /* Resources */ = {
			isa = PBXResourcesBuildPhase;
			buildActionMask = 2147483647;
			files = (
				361EC636175FB647007C10B9 /* InfoPlist.strings in Resources */,
				361EC63E175FB647007C10B9 /* Default.png in Resources */,
				361EC640175FB647007C10B9 /* Default@2x.png in Resources */,
				361EC642175FB647007C10B9 /* Default-568h@2x.png in Resources */,
				361EC645175FB647007C10B9 /* MainStoryboard.storyboard in Resources */,
				361EC64F175FB6A0007C10B9 /* Logo.png in Resources */,
				361EC651175FB6A3007C10B9 /* Logo@2x.png in Resources */,
				361466BD175FB7BE00E7970B /* ARObject.xib in Resources */,
				361466BE175FB7BE00E7970B /* ar_icon.png in Resources */,
				361466BF175FB7BE00E7970B /* ar_overlay.png in Resources */,
				361466C0175FB7BE00E7970B /* ar_overlay@2x.png in Resources */,
				361466D7175FBF8D00E7970B /* ARBD.png in Resources */,
				361466D8175FBF8D00E7970B /* ARBU.png in Resources */,
				361466D9175FBF8D00E7970B /* Image_back.png in Resources */,
				361466DA175FBF8D00E7970B /* x.png in Resources */,
				361466DC175FC01900E7970B /* ARBO.png in Resources */,
				36A16BFD176FEE19004A75BA /* TestLoc.gpx in Resources */,
			);
			runOnlyForDeploymentPostprocessing = 0;
		};
/* End PBXResourcesBuildPhase section */

/* Begin PBXShellScriptBuildPhase section */
		4DC7148A163F419DBE462902 /* Check Pods Manifest.lock */ = {
			isa = PBXShellScriptBuildPhase;
			buildActionMask = 2147483647;
			files = (
			);
			inputPaths = (
			);
			name = "Check Pods Manifest.lock";
			outputPaths = (
			);
			runOnlyForDeploymentPostprocessing = 0;
			shellPath = /bin/sh;
			shellScript = "diff \"${PODS_ROOT}/../Podfile.lock\" \"${PODS_ROOT}/Manifest.lock\" > /dev/null\nif [[ $? != 0 ]] ; then\n    cat << EOM\nerror: The sandbox is not in sync with the Podfile.lock. Run 'pod install' or update your CocoaPods installation.\nEOM\n    exit 1\nfi\n";
		};
		FEB8797DFA6B40D3A10ABFC3 /* Copy Pods Resources */ = {
			isa = PBXShellScriptBuildPhase;
			buildActionMask = 2147483647;
			files = (
			);
			inputPaths = (
			);
			name = "Copy Pods Resources";
			outputPaths = (
			);
			runOnlyForDeploymentPostprocessing = 0;
			shellPath = /bin/sh;
			shellScript = "\"${SRCROOT}/Pods/Pods-resources.sh\"\n";
		};
/* End PBXShellScriptBuildPhase section */

/* Begin PBXSourcesBuildPhase section */
		361EC624175FB647007C10B9 /* Sources */ = {
			isa = PBXSourcesBuildPhase;
			buildActionMask = 2147483647;
			files = (
				361EC638175FB647007C10B9 /* main.m in Sources */,
				361EC63C175FB647007C10B9 /* AppDelegate.m in Sources */,
				361EC648175FB647007C10B9 /* ViewController.m in Sources */,
				361EC66B175FB719007C10B9 /* DataController.m in Sources */,
				361EC66C175FB719007C10B9 /* DBController.m in Sources */,
				361EC66F175FB719007C10B9 /* DIOSNode.m in Sources */,
				361EC670175FB719007C10B9 /* DIOSSession.m in Sources */,
				361EC671175FB719007C10B9 /* DIOSSystem.m in Sources */,
				361EC673175FB719007C10B9 /* DIOSUser.m in Sources */,
				361EC675175FB719007C10B9 /* DIOSARNode.m in Sources */,
				361EC67D175FB72B007C10B9 /* ARView.m in Sources */,
				361466BB175FB7BE00E7970B /* ARController.m in Sources */,
				361466BC175FB7BE00E7970B /* ARObject.m in Sources */,
				361466C1175FB7BE00E7970B /* LocationWork.m in Sources */,
				361466E1175FC6FC00E7970B /* MyLocation.m in Sources */,
			);
			runOnlyForDeploymentPostprocessing = 0;
		};
/* End PBXSourcesBuildPhase section */

/* Begin PBXVariantGroup section */
		361EC634175FB647007C10B9 /* InfoPlist.strings */ = {
			isa = PBXVariantGroup;
			children = (
				361EC635175FB647007C10B9 /* en */,
			);
			name = InfoPlist.strings;
			sourceTree = "<group>";
		};
		361EC643175FB647007C10B9 /* MainStoryboard.storyboard */ = {
			isa = PBXVariantGroup;
			children = (
				361EC644175FB647007C10B9 /* en */,
			);
			name = MainStoryboard.storyboard;
			sourceTree = "<group>";
		};
/* End PBXVariantGroup section */

/* Begin XCBuildConfiguration section */
		361EC649175FB647007C10B9 /* Debug */ = {
			isa = XCBuildConfiguration;
			buildSettings = {
				ALWAYS_SEARCH_USER_PATHS = NO;
				CLANG_CXX_LANGUAGE_STANDARD = "gnu++0x";
				CLANG_CXX_LIBRARY = "libc++";
				CLANG_WARN_CONSTANT_CONVERSION = YES;
				CLANG_WARN_EMPTY_BODY = YES;
				CLANG_WARN_ENUM_CONVERSION = YES;
				CLANG_WARN_INT_CONVERSION = YES;
				CLANG_WARN__DUPLICATE_METHOD_MATCH = YES;
				CODE_SIGN_IDENTITY = "";
				"CODE_SIGN_IDENTITY[sdk=iphoneos*]" = "iPhone Developer: Andrew KUCHARSKI (9FLW278DSJ)";
				COPY_PHASE_STRIP = NO;
				GCC_C_LANGUAGE_STANDARD = gnu99;
				GCC_DYNAMIC_NO_PIC = NO;
				GCC_OPTIMIZATION_LEVEL = 0;
				GCC_PREPROCESSOR_DEFINITIONS = (
					"DEBUG=1",
					"$(inherited)",
				);
				GCC_SYMBOLS_PRIVATE_EXTERN = NO;
				GCC_WARN_ABOUT_RETURN_TYPE = YES;
				GCC_WARN_UNINITIALIZED_AUTOS = YES;
				GCC_WARN_UNUSED_VARIABLE = YES;
				IPHONEOS_DEPLOYMENT_TARGET = 6.1;
				ONLY_ACTIVE_ARCH = YES;
				"PROVISIONING_PROFILE[sdk=iphoneos*]" = "982FE711-AE5F-4227-B4CF-830C349706F6";
				SDKROOT = iphoneos;
			};
			name = Debug;
		};
		361EC64A175FB647007C10B9 /* Release */ = {
			isa = XCBuildConfiguration;
			buildSettings = {
				ALWAYS_SEARCH_USER_PATHS = NO;
				CLANG_CXX_LANGUAGE_STANDARD = "gnu++0x";
				CLANG_CXX_LIBRARY = "libc++";
				CLANG_WARN_CONSTANT_CONVERSION = YES;
				CLANG_WARN_EMPTY_BODY = YES;
				CLANG_WARN_ENUM_CONVERSION = YES;
				CLANG_WARN_INT_CONVERSION = YES;
				CLANG_WARN__DUPLICATE_METHOD_MATCH = YES;
				CODE_SIGN_IDENTITY = "";
				"CODE_SIGN_IDENTITY[sdk=iphoneos*]" = "iPhone Developer: Andrew KUCHARSKI (9FLW278DSJ)";
				COPY_PHASE_STRIP = YES;
				GCC_C_LANGUAGE_STANDARD = gnu99;
				GCC_WARN_ABOUT_RETURN_TYPE = YES;
				GCC_WARN_UNINITIALIZED_AUTOS = YES;
				GCC_WARN_UNUSED_VARIABLE = YES;
				IPHONEOS_DEPLOYMENT_TARGET = 6.1;
				OTHER_CFLAGS = "-DNS_BLOCK_ASSERTIONS=1";
				"PROVISIONING_PROFILE[sdk=iphoneos*]" = "982FE711-AE5F-4227-B4CF-830C349706F6";
				SDKROOT = iphoneos;
				VALIDATE_PRODUCT = YES;
			};
			name = Release;
		};
		361EC64C175FB647007C10B9 /* Debug */ = {
			isa = XCBuildConfiguration;
			baseConfigurationReference = 4CABE336794A4F5EA94BF959 /* Pods.xcconfig */;
			buildSettings = {
				GCC_PRECOMPILE_PREFIX_HEADER = YES;
				GCC_PREFIX_HEADER = "PRAR-Example/PRAR-Example-Prefix.pch";
				INFOPLIST_FILE = "PRAR-Example/PRAR-Example-Info.plist";
				IPHONEOS_DEPLOYMENT_TARGET = 6.1;
				PRODUCT_NAME = "$(TARGET_NAME)";
				WRAPPER_EXTENSION = app;
			};
			name = Debug;
		};
		361EC64D175FB647007C10B9 /* Release */ = {
			isa = XCBuildConfiguration;
			baseConfigurationReference = 4CABE336794A4F5EA94BF959 /* Pods.xcconfig */;
			buildSettings = {
				GCC_PRECOMPILE_PREFIX_HEADER = YES;
				GCC_PREFIX_HEADER = "PRAR-Example/PRAR-Example-Prefix.pch";
				INFOPLIST_FILE = "PRAR-Example/PRAR-Example-Info.plist";
				IPHONEOS_DEPLOYMENT_TARGET = 6.1;
				PRODUCT_NAME = "$(TARGET_NAME)";
				WRAPPER_EXTENSION = app;
			};
			name = Release;
		};
/* End XCBuildConfiguration section */

/* Begin XCConfigurationList section */
		361EC623175FB647007C10B9 /* Build configuration list for PBXProject "PRAR-Example" */ = {
			isa = XCConfigurationList;
			buildConfigurations = (
				361EC649175FB647007C10B9 /* Debug */,
				361EC64A175FB647007C10B9 /* Release */,
			);
			defaultConfigurationIsVisible = 0;
			defaultConfigurationName = Release;
		};
		361EC64B175FB647007C10B9 /* Build configuration list for PBXNativeTarget "PRAR-Example" */ = {
			isa = XCConfigurationList;
			buildConfigurations = (
				361EC64C175FB647007C10B9 /* Debug */,
				361EC64D175FB647007C10B9 /* Release */,
			);
			defaultConfigurationIsVisible = 0;
			defaultConfigurationName = Release;
		};
/* End XCConfigurationList section */
	};
	rootObject = 361EC620175FB647007C10B9 /* Project object */;
}
