PODS:
  - AFNetworking (1.2.1)
  - FMDB (2.0):
    - FMDB/standard
  - FMDB/common (2.0)
  - FMDB/standard (2.0):
    - FMDB/common
  - PRAugmentedReality (1.0.2):
    - AFNetworking (~> 1.0)
    - FMDB (~> 2.0)
    - PRAugmentedReality/AR
    - PRAugmentedReality/Custom DIOS
    - PRAugmentedReality/Data
    - PRAugmentedReality/Location
  - PRAugmentedReality/AR (1.0.2):
    - AFNetworking (~> 1.0)
    - FMDB (~> 2.0)
  - PRAugmentedReality/Custom DIOS (1.0.2):
    - AFNetworking (~> 1.0)
    - FMDB (~> 2.0)
  - PRAugmentedReality/Data (1.0.2):
    - AFNetworking (~> 1.0)
    - FMDB (~> 2.0)
  - PRAugmentedReality/Location (1.0.2):
    - AFNetworking (~> 1.0)
    - FMDB (~> 2.0)

DEPENDENCIES:
  - PRAugmentedReality

SPEC CHECKSUMS:
  AFNetworking: a44069e3c9c89867544f6639482f155c7e5f9b41
  FMDB: 30a7cbcdbd354f5ee1ba081a8773fd9130c43b48
  PRAugmentedReality: 59aaf562c337505082e776aaff3cd0cb517fa123

COCOAPODS: 0.19.1
